
Microsoft Visual Studio Solution File, Format Version 12.00
# Visual Studio 15
VisualStudioVersion = 15.0.33529.398
MinimumVisualStudioVersion = 10.0.40219.1
Project("{FAE04EC0-301F-11D3-BF4B-00C04F79EFBC}") = "DataProcessingApplicationDesign", "DataProcessingApplicationDesign\DataProcessingApplicationDesign.csproj", "{673F1528-C18B-4D5A-9873-10A7844C6150}"
EndProject
Global
	GlobalSection(SolutionConfigurationPlatforms) = preSolution
		Debug|Any CPU = Debug|Any CPU
		Release|Any CPU = Release|Any CPU
	EndGlobalSection
	GlobalSection(ProjectConfigurationPlatforms) = postSolution
		{673F1528-C18B-4D5A-9873-10A7844C6150}.Debug|Any CPU.ActiveCfg = Debug|Any CPU
		{673F1528-C18B-4D5A-9873-10A7844C6150}.Debug|Any CPU.Build.0 = Debug|Any CPU
		{673F1528-C18B-4D5A-9873-10A7844C6150}.Release|Any CPU.ActiveCfg = Release|Any CPU
		{673F1528-C18B-4D5A-9873-10A7844C6150}.Release|Any CPU.Build.0 = Release|Any CPU
	EndGlobalSection
	GlobalSection(SolutionProperties) = preSolution
		HideSolutionNode = FALSE
	EndGlobalSection
	GlobalSection(ExtensibilityGlobals) = postSolution
		SolutionGuid = {2A09962A-E85D-4A32-B09E-CBA2B35F7232}
	EndGlobalSection
EndGlobal
